PODS:
  - Skins/Core (0.1.0)
  - Skins/Skin1 (0.1.0):
    - Skins/Core

DEPENDENCIES:
  - Skins/Skin1 (from `../`)

EXTERNAL SOURCES:
  Skins:
    :path: "../"

SPEC CHECKSUMS:
  Skins: ad09b2cfb847a52b727b8d0dd61e52dc72965863

PODFILE CHECKSUM: 1b79978cf261ccb3902547d86f1fff2c7c5237f1

COCOAPODS: 1.2.1
